
Microsoft Visual Studio Solution File, Format Version 12.00
# Visual Studio Version 17
VisualStudioVersion = 17.0.31423.177
MinimumVisualStudioVersion = 10.0.40219.1
Project("{FAE04EC0-301F-11D3-BF4B-00C04F79EFBC}") = "Proje5_27MailGondermeUygulamasi", "Proje5_27MailGondermeUygulamasi.csproj", "{2C59DFDE-DFD9-408B-9D83-42DFDC1A92EA}"
EndProject
Global
	GlobalSection(SolutionConfigurationPlatforms) = preSolution
		Debug|Any CPU = Debug|Any CPU
		Release|Any CPU = Release|Any CPU
	EndGlobalSection
	GlobalSection(ProjectConfigurationPlatforms) = postSolution
		{2C59DFDE-DFD9-408B-9D83-42DFDC1A92EA}.Debug|Any CPU.ActiveCfg = Debug|Any CPU
		{2C59DFDE-DFD9-408B-9D83-42DFDC1A92EA}.Debug|Any CPU.Build.0 = Debug|Any CPU
		{2C59DFDE-DFD9-408B-9D83-42DFDC1A92EA}.Release|Any CPU.ActiveCfg = Release|Any CPU
		{2C59DFDE-DFD9-408B-9D83-42DFDC1A92EA}.Release|Any CPU.Build.0 = Release|Any CPU
	EndGlobalSection
	GlobalSection(SolutionProperties) = preSolution
		HideSolutionNode = FALSE
	EndGlobalSection
	GlobalSection(ExtensibilityGlobals) = postSolution
		SolutionGuid = {F13E0A40-9BAD-4278-BD87-C3949E1F0E81}
	EndGlobalSection
EndGlobal
